
Microsoft Visual Studio Solution File, Format Version 12.00
# Visual Studio Version 16
VisualStudioVersion = 16.0.33214.272
MinimumVisualStudioVersion = 10.0.40219.1
Project("{8BC9CEB8-8B4A-11D0-8D11-00A0C91BC942}") = "Problem_1_6_6", "Problem_1_6_6\Problem_1_6_6.vcxproj", "{10FC5D40-B8CA-4194-8F66-66889153060C}"
EndProject
Project("{8BC9CEB8-8B4A-11D0-8D11-00A0C91BC942}") = "Problem_1_6_7", "Problem_1_6_7\Problem_1_6_7.vcxproj", "{5C589B3B-E843-4C48-8DDB-1B2A9AF639D1}"
EndProject
Project("{8BC9CEB8-8B4A-11D0-8D11-00A0C91BC942}") = "Problem_1_6_8", "Problem_1_6_8\Problem_1_6_8.vcxproj", "{92F08577-9164-4E0F-B1BD-4672C938A751}"
EndProject
Project("{8BC9CEB8-8B4A-11D0-8D11-00A0C91BC942}") = "Problem_1_6_9", "Problem_1_6_9\Problem_1_6_9.vcxproj", "{CBDB67D4-DDAA-48F4-8227-4BCCAB03A6C5}"
EndProject
Project("{8BC9CEB8-8B4A-11D0-8D11-00A0C91BC942}") = "Problem_1_6_10", "Problem_1_6_10\Problem_1_6_10.vcxproj", "{E2740BED-B954-408A-AA69-5B7E31E052E6}"
EndProject
Project("{8BC9CEB8-8B4A-11D0-8D11-00A0C91BC942}") = "Problem_1_6_11", "Problem 1_6_11\Problem 1_6_11.vcxproj", "{63CB5690-6C6B-4AEC-BBF5-72E4121ADACD}"
EndProject
Project("{8BC9CEB8-8B4A-11D0-8D11-00A0C91BC942}") = "Problem_1_6_12", "Problem_1_6_12\Problem_1_6_12.vcxproj", "{A6CA360D-4A7F-487A-8F4B-0BE3AF6A9520}"
EndProject
Project("{8BC9CEB8-8B4A-11D0-8D11-00A0C91BC942}") = "Problem_1_6_13", "Problem_1_6_13\Problem_1_6_13.vcxproj", "{5AC299C7-3193-4D71-BC74-AA853E51F7B5}"
EndProject
Project("{8BC9CEB8-8B4A-11D0-8D11-00A0C91BC942}") = "Problem_1_6_14", "Problem_1_6_14\Problem_1_6_14.vcxproj", "{7A757C41-FDE7-44DD-96BF-80355BA6887A}"
EndProject
Project("{8BC9CEB8-8B4A-11D0-8D11-00A0C91BC942}") = "Problem_1_7_3", "Problem_1_7_3\Problem_1_7_3.vcxproj", "{C71732C9-79C0-4822-BF80-F9DAD1AC3DDC}"
EndProject
Project("{8BC9CEB8-8B4A-11D0-8D11-00A0C91BC942}") = "Problem_1_7_4", "Problem_1_7_4\Problem_1_7_4.vcxproj", "{233E5B7A-0F7A-4D76-9C9F-14E7BDA9F624}"
EndProject
Project("{8BC9CEB8-8B4A-11D0-8D11-00A0C91BC942}") = "Problem_1_7_5", "Problem_1_7_5\Problem_1_7_5.vcxproj", "{D2B5EF1F-F0E7-4B98-8BA4-48E3622E7BEA}"
EndProject
Project("{8BC9CEB8-8B4A-11D0-8D11-00A0C91BC942}") = "Problem_1_7_6", "Problem_1_7_6\Problem_1_7_6.vcxproj", "{4A4232DD-0BE5-4806-9CA7-E0FE7FD7715B}"
EndProject
Project("{8BC9CEB8-8B4A-11D0-8D11-00A0C91BC942}") = "Problem_1_7_7", "Problem_1_7_7\Problem_1_7_7.vcxproj", "{6A9CA2EA-38A4-4B1B-9BFD-20F44877DA8E}"
EndProject
Project("{8BC9CEB8-8B4A-11D0-8D11-00A0C91BC942}") = "Problem_1_7_8", "Problem_1_7_8\Problem_1_7_8.vcxproj", "{98524CB4-3C72-4261-A30A-1553CFD12CA7}"
EndProject
Project("{8BC9CEB8-8B4A-11D0-8D11-00A0C91BC942}") = "Problem_1_7_9", "Problem_1_7_9\Problem_1_7_9.vcxproj", "{0DD1A38E-319F-4331-9151-29E5CAFEB311}"
EndProject
Project("{8BC9CEB8-8B4A-11D0-8D11-00A0C91BC942}") = "Problem_1_7_10", "Problem_1_7_10\Problem_1_7_10.vcxproj", "{EED286A8-9A3F-4F06-8EED-1F68BD573A51}"
EndProject
Project("{8BC9CEB8-8B4A-11D0-8D11-00A0C91BC942}") = "Problem_1_7_10_TBS", "Problem_1_7_10_TBS\Problem_1_7_10_TBS.vcxproj", "{559E028B-362F-433D-9BCD-A6E8CCD038C7}"
EndProject
Project("{8BC9CEB8-8B4A-11D0-8D11-00A0C91BC942}") = "Problem_1_7_11", "Problem_1_7_11\Problem_1_7_11.vcxproj", "{CDA342F2-0B4C-4211-8E97-DD017A33F027}"
EndProject
Project("{8BC9CEB8-8B4A-11D0-8D11-00A0C91BC942}") = "Problem_1_7_12", "Problem_1_7_12\Problem_1_7_12.vcxproj", "{7B56EF51-D092-49F2-B5E4-21B2B4EE9462}"
EndProject
Project("{8BC9CEB8-8B4A-11D0-8D11-00A0C91BC942}") = "Problem_1_7_12_TBS", "Problem_1_7_12_TBS\Problem_1_7_12_TBS.vcxproj", "{428EBAC7-34F2-4D59-A715-B8AC306B32C2}"
EndProject
Project("{8BC9CEB8-8B4A-11D0-8D11-00A0C91BC942}") = "Problem_1_7_12_TBS_2", "Problem_1_7_12_TBS_2\Problem_1_7_12_TBS_2.vcxproj", "{560715AC-0DB1-4ADB-954D-969B54068978}"
EndProject
Project("{8BC9CEB8-8B4A-11D0-8D11-00A0C91BC942}") = "Problem_1_7_13", "Problem_1_7_13\Problem_1_7_13.vcxproj", "{0FAE41E0-263E-4FE5-88AB-E300F3518380}"
EndProject
Project("{8BC9CEB8-8B4A-11D0-8D11-00A0C91BC942}") = "Problem_1_7_14", "Problem_1_7_14\Problem_1_7_14.vcxproj", "{2879EA0D-796B-43A0-A958-08D5319ACD36}"
EndProject
Project("{8BC9CEB8-8B4A-11D0-8D11-00A0C91BC942}") = "Problem_1_7_15", "Problem_1_7_15\Problem_1_7_15.vcxproj", "{FE2974D3-DFBE-4D96-8C00-A2D345CD9EC3}"
EndProject
Project("{8BC9CEB8-8B4A-11D0-8D11-00A0C91BC942}") = "Problem_1_7_16", "Problem_1_7_16\Problem_1_7_16.vcxproj", "{6BAA08AD-7C7C-4856-8044-52A4674B8A4E}"
EndProject
Global
	GlobalSection(SolutionConfigurationPlatforms) = preSolution
		Debug|x64 = Debug|x64
		Debug|x86 = Debug|x86
		Release|x64 = Release|x64
		Release|x86 = Release|x86
	EndGlobalSection
	GlobalSection(ProjectConfigurationPlatforms) = postSolution
		{10FC5D40-B8CA-4194-8F66-66889153060C}.Debug|x64.ActiveCfg = Debug|x64
		{10FC5D40-B8CA-4194-8F66-66889153060C}.Debug|x64.Build.0 = Debug|x64
		{10FC5D40-B8CA-4194-8F66-66889153060C}.Debug|x86.ActiveCfg = Debug|Win32
		{10FC5D40-B8CA-4194-8F66-66889153060C}.Debug|x86.Build.0 = Debug|Win32
		{10FC5D40-B8CA-4194-8F66-66889153060C}.Release|x64.ActiveCfg = Release|x64
		{10FC5D40-B8CA-4194-8F66-66889153060C}.Release|x64.Build.0 = Release|x64
		{10FC5D40-B8CA-4194-8F66-66889153060C}.Release|x86.ActiveCfg = Release|Win32
		{10FC5D40-B8CA-4194-8F66-66889153060C}.Release|x86.Build.0 = Release|Win32
		{5C589B3B-E843-4C48-8DDB-1B2A9AF639D1}.Debug|x64.ActiveCfg = Debug|x64
		{5C589B3B-E843-4C48-8DDB-1B2A9AF639D1}.Debug|x64.Build.0 = Debug|x64
		{5C589B3B-E843-4C48-8DDB-1B2A9AF639D1}.Debug|x86.ActiveCfg = Debug|Win32
		{5C589B3B-E843-4C48-8DDB-1B2A9AF639D1}.Debug|x86.Build.0 = Debug|Win32
		{5C589B3B-E843-4C48-8DDB-1B2A9AF639D1}.Release|x64.ActiveCfg = Release|x64
		{5C589B3B-E843-4C48-8DDB-1B2A9AF639D1}.Release|x64.Build.0 = Release|x64
		{5C589B3B-E843-4C48-8DDB-1B2A9AF639D1}.Release|x86.ActiveCfg = Release|Win32
		{5C589B3B-E843-4C48-8DDB-1B2A9AF639D1}.Release|x86.Build.0 = Release|Win32
		{92F08577-9164-4E0F-B1BD-4672C938A751}.Debug|x64.ActiveCfg = Debug|x64
		{92F08577-9164-4E0F-B1BD-4672C938A751}.Debug|x64.Build.0 = Debug|x64
		{92F08577-9164-4E0F-B1BD-4672C938A751}.Debug|x86.ActiveCfg = Debug|Win32
		{92F08577-9164-4E0F-B1BD-4672C938A751}.Debug|x86.Build.0 = Debug|Win32
		{92F08577-9164-4E0F-B1BD-4672C938A751}.Release|x64.ActiveCfg = Release|x64
		{92F08577-9164-4E0F-B1BD-4672C938A751}.Release|x64.Build.0 = Release|x64
		{92F08577-9164-4E0F-B1BD-4672C938A751}.Release|x86.ActiveCfg = Release|Win32
		{92F08577-9164-4E0F-B1BD-4672C938A751}.Release|x86.Build.0 = Release|Win32
		{CBDB67D4-DDAA-48F4-8227-4BCCAB03A6C5}.Debug|x64.ActiveCfg = Debug|x64
		{CBDB67D4-DDAA-48F4-8227-4BCCAB03A6C5}.Debug|x64.Build.0 = Debug|x64
		{CBDB67D4-DDAA-48F4-8227-4BCCAB03A6C5}.Debug|x86.ActiveCfg = Debug|Win32
		{CBDB67D4-DDAA-48F4-8227-4BCCAB03A6C5}.Debug|x86.Build.0 = Debug|Win32
		{CBDB67D4-DDAA-48F4-8227-4BCCAB03A6C5}.Release|x64.ActiveCfg = Release|x64
		{CBDB67D4-DDAA-48F4-8227-4BCCAB03A6C5}.Release|x64.Build.0 = Release|x64
		{CBDB67D4-DDAA-48F4-8227-4BCCAB03A6C5}.Release|x86.ActiveCfg = Release|Win32
		{CBDB67D4-DDAA-48F4-8227-4BCCAB03A6C5}.Release|x86.Build.0 = Release|Win32
		{E2740BED-B954-408A-AA69-5B7E31E052E6}.Debug|x64.ActiveCfg = Debug|x64
		{E2740BED-B954-408A-AA69-5B7E31E052E6}.Debug|x64.Build.0 = Debug|x64
		{E2740BED-B954-408A-AA69-5B7E31E052E6}.Debug|x86.ActiveCfg = Debug|Win32
		{E2740BED-B954-408A-AA69-5B7E31E052E6}.Debug|x86.Build.0 = Debug|Win32
		{E2740BED-B954-408A-AA69-5B7E31E052E6}.Release|x64.ActiveCfg = Release|x64
		{E2740BED-B954-408A-AA69-5B7E31E052E6}.Release|x64.Build.0 = Release|x64
		{E2740BED-B954-408A-AA69-5B7E31E052E6}.Release|x86.ActiveCfg = Release|Win32
		{E2740BED-B954-408A-AA69-5B7E31E052E6}.Release|x86.Build.0 = Release|Win32
		{63CB5690-6C6B-4AEC-BBF5-72E4121ADACD}.Debug|x64.ActiveCfg = Debug|x64
		{63CB5690-6C6B-4AEC-BBF5-72E4121ADACD}.Debug|x64.Build.0 = Debug|x64
		{63CB5690-6C6B-4AEC-BBF5-72E4121ADACD}.Debug|x86.ActiveCfg = Debug|Win32
		{63CB5690-6C6B-4AEC-BBF5-72E4121ADACD}.Debug|x86.Build.0 = Debug|Win32
		{63CB5690-6C6B-4AEC-BBF5-72E4121ADACD}.Release|x64.ActiveCfg = Release|x64
		{63CB5690-6C6B-4AEC-BBF5-72E4121ADACD}.Release|x64.Build.0 = Release|x64
		{63CB5690-6C6B-4AEC-BBF5-72E4121ADACD}.Release|x86.ActiveCfg = Release|Win32
		{63CB5690-6C6B-4AEC-BBF5-72E4121ADACD}.Release|x86.Build.0 = Release|Win32
		{A6CA360D-4A7F-487A-8F4B-0BE3AF6A9520}.Debug|x64.ActiveCfg = Debug|x64
		{A6CA360D-4A7F-487A-8F4B-0BE3AF6A9520}.Debug|x64.Build.0 = Debug|x64
		{A6CA360D-4A7F-487A-8F4B-0BE3AF6A9520}.Debug|x86.ActiveCfg = Debug|Win32
		{A6CA360D-4A7F-487A-8F4B-0BE3AF6A9520}.Debug|x86.Build.0 = Debug|Win32
		{A6CA360D-4A7F-487A-8F4B-0BE3AF6A9520}.Release|x64.ActiveCfg = Release|x64
		{A6CA360D-4A7F-487A-8F4B-0BE3AF6A9520}.Release|x64.Build.0 = Release|x64
		{A6CA360D-4A7F-487A-8F4B-0BE3AF6A9520}.Release|x86.ActiveCfg = Release|Win32
		{A6CA360D-4A7F-487A-8F4B-0BE3AF6A9520}.Release|x86.Build.0 = Release|Win32
		{5AC299C7-3193-4D71-BC74-AA853E51F7B5}.Debug|x64.ActiveCfg = Debug|x64
		{5AC299C7-3193-4D71-BC74-AA853E51F7B5}.Debug|x64.Build.0 = Debug|x64
		{5AC299C7-3193-4D71-BC74-AA853E51F7B5}.Debug|x86.ActiveCfg = Debug|Win32
		{5AC299C7-3193-4D71-BC74-AA853E51F7B5}.Debug|x86.Build.0 = Debug|Win32
		{5AC299C7-3193-4D71-BC74-AA853E51F7B5}.Release|x64.ActiveCfg = Release|x64
		{5AC299C7-3193-4D71-BC74-AA853E51F7B5}.Release|x64.Build.0 = Release|x64
		{5AC299C7-3193-4D71-BC74-AA853E51F7B5}.Release|x86.ActiveCfg = Release|Win32
		{5AC299C7-3193-4D71-BC74-AA853E51F7B5}.Release|x86.Build.0 = Release|Win32
		{7A757C41-FDE7-44DD-96BF-80355BA6887A}.Debug|x64.ActiveCfg = Debug|x64
		{7A757C41-FDE7-44DD-96BF-80355BA6887A}.Debug|x64.Build.0 = Debug|x64
		{7A757C41-FDE7-44DD-96BF-80355BA6887A}.Debug|x86.ActiveCfg = Debug|Win32
		{7A757C41-FDE7-44DD-96BF-80355BA6887A}.Debug|x86.Build.0 = Debug|Win32
		{7A757C41-FDE7-44DD-96BF-80355BA6887A}.Release|x64.ActiveCfg = Release|x64
		{7A757C41-FDE7-44DD-96BF-80355BA6887A}.Release|x64.Build.0 = Release|x64
		{7A757C41-FDE7-44DD-96BF-80355BA6887A}.Release|x86.ActiveCfg = Release|Win32
		{7A757C41-FDE7-44DD-96BF-80355BA6887A}.Release|x86.Build.0 = Release|Win32
		{C71732C9-79C0-4822-BF80-F9DAD1AC3DDC}.Debug|x64.ActiveCfg = Debug|x64
		{C71732C9-79C0-4822-BF80-F9DAD1AC3DDC}.Debug|x64.Build.0 = Debug|x64
		{C71732C9-79C0-4822-BF80-F9DAD1AC3DDC}.Debug|x86.ActiveCfg = Debug|Win32
		{C71732C9-79C0-4822-BF80-F9DAD1AC3DDC}.Debug|x86.Build.0 = Debug|Win32
		{C71732C9-79C0-4822-BF80-F9DAD1AC3DDC}.Release|x64.ActiveCfg = Release|x64
		{C71732C9-79C0-4822-BF80-F9DAD1AC3DDC}.Release|x64.Build.0 = Release|x64
		{C71732C9-79C0-4822-BF80-F9DAD1AC3DDC}.Release|x86.ActiveCfg = Release|Win32
		{C71732C9-79C0-4822-BF80-F9DAD1AC3DDC}.Release|x86.Build.0 = Release|Win32
		{233E5B7A-0F7A-4D76-9C9F-14E7BDA9F624}.Debug|x64.ActiveCfg = Debug|x64
		{233E5B7A-0F7A-4D76-9C9F-14E7BDA9F624}.Debug|x64.Build.0 = Debug|x64
		{233E5B7A-0F7A-4D76-9C9F-14E7BDA9F624}.Debug|x86.ActiveCfg = Debug|Win32
		{233E5B7A-0F7A-4D76-9C9F-14E7BDA9F624}.Debug|x86.Build.0 = Debug|Win32
		{233E5B7A-0F7A-4D76-9C9F-14E7BDA9F624}.Release|x64.ActiveCfg = Release|x64
		{233E5B7A-0F7A-4D76-9C9F-14E7BDA9F624}.Release|x64.Build.0 = Release|x64
		{233E5B7A-0F7A-4D76-9C9F-14E7BDA9F624}.Release|x86.ActiveCfg = Release|Win32
		{233E5B7A-0F7A-4D76-9C9F-14E7BDA9F624}.Release|x86.Build.0 = Release|Win32
		{D2B5EF1F-F0E7-4B98-8BA4-48E3622E7BEA}.Debug|x64.ActiveCfg = Debug|x64
		{D2B5EF1F-F0E7-4B98-8BA4-48E3622E7BEA}.Debug|x64.Build.0 = Debug|x64
		{D2B5EF1F-F0E7-4B98-8BA4-48E3622E7BEA}.Debug|x86.ActiveCfg = Debug|Win32
		{D2B5EF1F-F0E7-4B98-8BA4-48E3622E7BEA}.Debug|x86.Build.0 = Debug|Win32
		{D2B5EF1F-F0E7-4B98-8BA4-48E3622E7BEA}.Release|x64.ActiveCfg = Release|x64
		{D2B5EF1F-F0E7-4B98-8BA4-48E3622E7BEA}.Release|x64.Build.0 = Release|x64
		{D2B5EF1F-F0E7-4B98-8BA4-48E3622E7BEA}.Release|x86.ActiveCfg = Release|Win32
		{D2B5EF1F-F0E7-4B98-8BA4-48E3622E7BEA}.Release|x86.Build.0 = Release|Win32
		{4A4232DD-0BE5-4806-9CA7-E0FE7FD7715B}.Debug|x64.ActiveCfg = Debug|x64
		{4A4232DD-0BE5-4806-9CA7-E0FE7FD7715B}.Debug|x64.Build.0 = Debug|x64
		{4A4232DD-0BE5-4806-9CA7-E0FE7FD7715B}.Debug|x86.ActiveCfg = Debug|Win32
		{4A4232DD-0BE5-4806-9CA7-E0FE7FD7715B}.Debug|x86.Build.0 = Debug|Win32
		{4A4232DD-0BE5-4806-9CA7-E0FE7FD7715B}.Release|x64.ActiveCfg = Release|x64
		{4A4232DD-0BE5-4806-9CA7-E0FE7FD7715B}.Release|x64.Build.0 = Release|x64
		{4A4232DD-0BE5-4806-9CA7-E0FE7FD7715B}.Release|x86.ActiveCfg = Release|Win32
		{4A4232DD-0BE5-4806-9CA7-E0FE7FD7715B}.Release|x86.Build.0 = Release|Win32
		{6A9CA2EA-38A4-4B1B-9BFD-20F44877DA8E}.Debug|x64.ActiveCfg = Debug|x64
		{6A9CA2EA-38A4-4B1B-9BFD-20F44877DA8E}.Debug|x64.Build.0 = Debug|x64
		{6A9CA2EA-38A4-4B1B-9BFD-20F44877DA8E}.Debug|x86.ActiveCfg = Debug|Win32
		{6A9CA2EA-38A4-4B1B-9BFD-20F44877DA8E}.Debug|x86.Build.0 = Debug|Win32
		{6A9CA2EA-38A4-4B1B-9BFD-20F44877DA8E}.Release|x64.ActiveCfg = Release|x64
		{6A9CA2EA-38A4-4B1B-9BFD-20F44877DA8E}.Release|x64.Build.0 = Release|x64
		{6A9CA2EA-38A4-4B1B-9BFD-20F44877DA8E}.Release|x86.ActiveCfg = Release|Win32
		{6A9CA2EA-38A4-4B1B-9BFD-20F44877DA8E}.Release|x86.Build.0 = Release|Win32
		{98524CB4-3C72-4261-A30A-1553CFD12CA7}.Debug|x64.ActiveCfg = Debug|x64
		{98524CB4-3C72-4261-A30A-1553CFD12CA7}.Debug|x64.Build.0 = Debug|x64
		{98524CB4-3C72-4261-A30A-1553CFD12CA7}.Debug|x86.ActiveCfg = Debug|Win32
		{98524CB4-3C72-4261-A30A-1553CFD12CA7}.Debug|x86.Build.0 = Debug|Win32
		{98524CB4-3C72-4261-A30A-1553CFD12CA7}.Release|x64.ActiveCfg = Release|x64
		{98524CB4-3C72-4261-A30A-1553CFD12CA7}.Release|x64.Build.0 = Release|x64
		{98524CB4-3C72-4261-A30A-1553CFD12CA7}.Release|x86.ActiveCfg = Release|Win32
		{98524CB4-3C72-4261-A30A-1553CFD12CA7}.Release|x86.Build.0 = Release|Win32
		{0DD1A38E-319F-4331-9151-29E5CAFEB311}.Debug|x64.ActiveCfg = Debug|x64
		{0DD1A38E-319F-4331-9151-29E5CAFEB311}.Debug|x64.Build.0 = Debug|x64
		{0DD1A38E-319F-4331-9151-29E5CAFEB311}.Debug|x86.ActiveCfg = Debug|Win32
		{0DD1A38E-319F-4331-9151-29E5CAFEB311}.Debug|x86.Build.0 = Debug|Win32
		{0DD1A38E-319F-4331-9151-29E5CAFEB311}.Release|x64.ActiveCfg = Release|x64
		{0DD1A38E-319F-4331-9151-29E5CAFEB311}.Release|x64.Build.0 = Release|x64
		{0DD1A38E-319F-4331-9151-29E5CAFEB311}.Release|x86.ActiveCfg = Release|Win32
		{0DD1A38E-319F-4331-9151-29E5CAFEB311}.Release|x86.Build.0 = Release|Win32
		{EED286A8-9A3F-4F06-8EED-1F68BD573A51}.Debug|x64.ActiveCfg = Debug|x64
		{EED286A8-9A3F-4F06-8EED-1F68BD573A51}.Debug|x64.Build.0 = Debug|x64
		{EED286A8-9A3F-4F06-8EED-1F68BD573A51}.Debug|x86.ActiveCfg = Debug|Win32
		{EED286A8-9A3F-4F06-8EED-1F68BD573A51}.Debug|x86.Build.0 = Debug|Win32
		{EED286A8-9A3F-4F06-8EED-1F68BD573A51}.Release|x64.ActiveCfg = Release|x64
		{EED286A8-9A3F-4F06-8EED-1F68BD573A51}.Release|x64.Build.0 = Release|x64
		{EED286A8-9A3F-4F06-8EED-1F68BD573A51}.Release|x86.ActiveCfg = Release|Win32
		{EED286A8-9A3F-4F06-8EED-1F68BD573A51}.Release|x86.Build.0 = Release|Win32
		{559E028B-362F-433D-9BCD-A6E8CCD038C7}.Debug|x64.ActiveCfg = Debug|x64
		{559E028B-362F-433D-9BCD-A6E8CCD038C7}.Debug|x64.Build.0 = Debug|x64
		{559E028B-362F-433D-9BCD-A6E8CCD038C7}.Debug|x86.ActiveCfg = Debug|Win32
		{559E028B-362F-433D-9BCD-A6E8CCD038C7}.Debug|x86.Build.0 = Debug|Win32
		{559E028B-362F-433D-9BCD-A6E8CCD038C7}.Release|x64.ActiveCfg = Release|x64
		{559E028B-362F-433D-9BCD-A6E8CCD038C7}.Release|x64.Build.0 = Release|x64
		{559E028B-362F-433D-9BCD-A6E8CCD038C7}.Release|x86.ActiveCfg = Release|Win32
		{559E028B-362F-433D-9BCD-A6E8CCD038C7}.Release|x86.Build.0 = Release|Win32
		{CDA342F2-0B4C-4211-8E97-DD017A33F027}.Debug|x64.ActiveCfg = Debug|x64
		{CDA342F2-0B4C-4211-8E97-DD017A33F027}.Debug|x64.Build.0 = Debug|x64
		{CDA342F2-0B4C-4211-8E97-DD017A33F027}.Debug|x86.ActiveCfg = Debug|Win32
		{CDA342F2-0B4C-4211-8E97-DD017A33F027}.Debug|x86.Build.0 = Debug|Win32
		{CDA342F2-0B4C-4211-8E97-DD017A33F027}.Release|x64.ActiveCfg = Release|x64
		{CDA342F2-0B4C-4211-8E97-DD017A33F027}.Release|x64.Build.0 = Release|x64
		{CDA342F2-0B4C-4211-8E97-DD017A33F027}.Release|x86.ActiveCfg = Release|Win32
		{CDA342F2-0B4C-4211-8E97-DD017A33F027}.Release|x86.Build.0 = Release|Win32
		{7B56EF51-D092-49F2-B5E4-21B2B4EE9462}.Debug|x64.ActiveCfg = Debug|x64
		{7B56EF51-D092-49F2-B5E4-21B2B4EE9462}.Debug|x64.Build.0 = Debug|x64
		{7B56EF51-D092-49F2-B5E4-21B2B4EE9462}.Debug|x86.ActiveCfg = Debug|Win32
		{7B56EF51-D092-49F2-B5E4-21B2B4EE9462}.Debug|x86.Build.0 = Debug|Win32
		{7B56EF51-D092-49F2-B5E4-21B2B4EE9462}.Release|x64.ActiveCfg = Release|x64
		{7B56EF51-D092-49F2-B5E4-21B2B4EE9462}.Release|x64.Build.0 = Release|x64
		{7B56EF51-D092-49F2-B5E4-21B2B4EE9462}.Release|x86.ActiveCfg = Release|Win32
		{7B56EF51-D092-49F2-B5E4-21B2B4EE9462}.Release|x86.Build.0 = Release|Win32
		{428EBAC7-34F2-4D59-A715-B8AC306B32C2}.Debug|x64.ActiveCfg = Debug|x64
		{428EBAC7-34F2-4D59-A715-B8AC306B32C2}.Debug|x64.Build.0 = Debug|x64
		{428EBAC7-34F2-4D59-A715-B8AC306B32C2}.Debug|x86.ActiveCfg = Debug|Win32
		{428EBAC7-34F2-4D59-A715-B8AC306B32C2}.Debug|x86.Build.0 = Debug|Win32
		{428EBAC7-34F2-4D59-A715-B8AC306B32C2}.Release|x64.ActiveCfg = Release|x64
		{428EBAC7-34F2-4D59-A715-B8AC306B32C2}.Release|x64.Build.0 = Release|x64
		{428EBAC7-34F2-4D59-A715-B8AC306B32C2}.Release|x86.ActiveCfg = Release|Win32
		{428EBAC7-34F2-4D59-A715-B8AC306B32C2}.Release|x86.Build.0 = Release|Win32
		{560715AC-0DB1-4ADB-954D-969B54068978}.Debug|x64.ActiveCfg = Debug|x64
		{560715AC-0DB1-4ADB-954D-969B54068978}.Debug|x64.Build.0 = Debug|x64
		{560715AC-0DB1-4ADB-954D-969B54068978}.Debug|x86.ActiveCfg = Debug|Win32
		{560715AC-0DB1-4ADB-954D-969B54068978}.Debug|x86.Build.0 = Debug|Win32
		{560715AC-0DB1-4ADB-954D-969B54068978}.Release|x64.ActiveCfg = Release|x64
		{560715AC-0DB1-4ADB-954D-969B54068978}.Release|x64.Build.0 = Release|x64
		{560715AC-0DB1-4ADB-954D-969B54068978}.Release|x86.ActiveCfg = Release|Win32
		{560715AC-0DB1-4ADB-954D-969B54068978}.Release|x86.Build.0 = Release|Win32
		{0FAE41E0-263E-4FE5-88AB-E300F3518380}.Debug|x64.ActiveCfg = Debug|x64
		{0FAE41E0-263E-4FE5-88AB-E300F3518380}.Debug|x64.Build.0 = Debug|x64
		{0FAE41E0-263E-4FE5-88AB-E300F3518380}.Debug|x86.ActiveCfg = Debug|Win32
		{0FAE41E0-263E-4FE5-88AB-E300F3518380}.Debug|x86.Build.0 = Debug|Win32
		{0FAE41E0-263E-4FE5-88AB-E300F3518380}.Release|x64.ActiveCfg = Release|x64
		{0FAE41E0-263E-4FE5-88AB-E300F3518380}.Release|x64.Build.0 = Release|x64
		{0FAE41E0-263E-4FE5-88AB-E300F3518380}.Release|x86.ActiveCfg = Release|Win32
		{0FAE41E0-263E-4FE5-88AB-E300F3518380}.Release|x86.Build.0 = Release|Win32
		{2879EA0D-796B-43A0-A958-08D5319ACD36}.Debug|x64.ActiveCfg = Debug|x64
		{2879EA0D-796B-43A0-A958-08D5319ACD36}.Debug|x64.Build.0 = Debug|x64
		{2879EA0D-796B-43A0-A958-08D5319ACD36}.Debug|x86.ActiveCfg = Debug|Win32
		{2879EA0D-796B-43A0-A958-08D5319ACD36}.Debug|x86.Build.0 = Debug|Win32
		{2879EA0D-796B-43A0-A958-08D5319ACD36}.Release|x64.ActiveCfg = Release|x64
		{2879EA0D-796B-43A0-A958-08D5319ACD36}.Release|x64.Build.0 = Release|x64
		{2879EA0D-796B-43A0-A958-08D5319ACD36}.Release|x86.ActiveCfg = Release|Win32
		{2879EA0D-796B-43A0-A958-08D5319ACD36}.Release|x86.Build.0 = Release|Win32
		{FE2974D3-DFBE-4D96-8C00-A2D345CD9EC3}.Debug|x64.ActiveCfg = Debug|x64
		{FE2974D3-DFBE-4D96-8C00-A2D345CD9EC3}.Debug|x64.Build.0 = Debug|x64
		{FE2974D3-DFBE-4D96-8C00-A2D345CD9EC3}.Debug|x86.ActiveCfg = Debug|Win32
		{FE2974D3-DFBE-4D96-8C00-A2D345CD9EC3}.Debug|x86.Build.0 = Debug|Win32
		{FE2974D3-DFBE-4D96-8C00-A2D345CD9EC3}.Release|x64.ActiveCfg = Release|x64
		{FE2974D3-DFBE-4D96-8C00-A2D345CD9EC3}.Release|x64.Build.0 = Release|x64
		{FE2974D3-DFBE-4D96-8C00-A2D345CD9EC3}.Release|x86.ActiveCfg = Release|Win32
		{FE2974D3-DFBE-4D96-8C00-A2D345CD9EC3}.Release|x86.Build.0 = Release|Win32
		{6BAA08AD-7C7C-4856-8044-52A4674B8A4E}.Debug|x64.ActiveCfg = Debug|x64
		{6BAA08AD-7C7C-4856-8044-52A4674B8A4E}.Debug|x64.Build.0 = Debug|x64
		{6BAA08AD-7C7C-4856-8044-52A4674B8A4E}.Debug|x86.ActiveCfg = Debug|Win32
		{6BAA08AD-7C7C-4856-8044-52A4674B8A4E}.Debug|x86.Build.0 = Debug|Win32
		{6BAA08AD-7C7C-4856-8044-52A4674B8A4E}.Release|x64.ActiveCfg = Release|x64
		{6BAA08AD-7C7C-4856-8044-52A4674B8A4E}.Release|x64.Build.0 = Release|x64
		{6BAA08AD-7C7C-4856-8044-52A4674B8A4E}.Release|x86.ActiveCfg = Release|Win32
		{6BAA08AD-7C7C-4856-8044-52A4674B8A4E}.Release|x86.Build.0 = Release|Win32
	EndGlobalSection
	GlobalSection(SolutionProperties) = preSolution
		HideSolutionNode = FALSE
	EndGlobalSection
	GlobalSection(ExtensibilityGlobals) = postSolution
		SolutionGuid = {43E03E0F-4BC5-400F-909F-DD1F70EA797A}
	EndGlobalSection
EndGlobal
